
Microsoft Visual Studio Solution File, Format Version 12.00
# Visual Studio Version 17
VisualStudioVersion = 17.8.34330.188
MinimumVisualStudioVersion = 10.0.40219.1
Project("{8BC9CEB8-8B4A-11D0-8D11-00A0C91BC942}") = "videoR", "videoR.vcxproj", "{9EEC7B26-AB74-4F13-9571-6AEFFC962F23}"
EndProject
Project("{8BC9CEB8-8B4A-11D0-8D11-00A0C91BC942}") = "TESTCASE", "TESTCASE\TESTCASE.vcxproj", "{B1243CBC-820E-41AD-9F1A-EC86AA3A88DC}"
EndProject
Global
	GlobalSection(SolutionConfigurationPlatforms) = preSolution
		Debug|x64 = Debug|x64
		Debug|x86 = Debug|x86
		Release|x64 = Release|x64
		Release|x86 = Release|x86
	EndGlobalSection
	GlobalSection(ProjectConfigurationPlatforms) = postSolution
		{9EEC7B26-AB74-4F13-9571-6AEFFC962F23}.Debug|x64.ActiveCfg = Debug|x64
		{9EEC7B26-AB74-4F13-9571-6AEFFC962F23}.Debug|x64.Build.0 = Debug|x64
		{9EEC7B26-AB74-4F13-9571-6AEFFC962F23}.Debug|x86.ActiveCfg = Debug|Win32
		{9EEC7B26-AB74-4F13-9571-6AEFFC962F23}.Debug|x86.Build.0 = Debug|Win32
		{9EEC7B26-AB74-4F13-9571-6AEFFC962F23}.Release|x64.ActiveCfg = Release|x64
		{9EEC7B26-AB74-4F13-9571-6AEFFC962F23}.Release|x64.Build.0 = Release|x64
		{9EEC7B26-AB74-4F13-9571-6AEFFC962F23}.Release|x86.ActiveCfg = Release|Win32
		{9EEC7B26-AB74-4F13-9571-6AEFFC962F23}.Release|x86.Build.0 = Release|Win32
		{B1243CBC-820E-41AD-9F1A-EC86AA3A88DC}.Debug|x64.ActiveCfg = Debug|x64
		{B1243CBC-820E-41AD-9F1A-EC86AA3A88DC}.Debug|x64.Build.0 = Debug|x64
		{B1243CBC-820E-41AD-9F1A-EC86AA3A88DC}.Debug|x86.ActiveCfg = Debug|Win32
		{B1243CBC-820E-41AD-9F1A-EC86AA3A88DC}.Debug|x86.Build.0 = Debug|Win32
		{B1243CBC-820E-41AD-9F1A-EC86AA3A88DC}.Release|x64.ActiveCfg = Release|x64
		{B1243CBC-820E-41AD-9F1A-EC86AA3A88DC}.Release|x64.Build.0 = Release|x64
		{B1243CBC-820E-41AD-9F1A-EC86AA3A88DC}.Release|x86.ActiveCfg = Release|Win32
		{B1243CBC-820E-41AD-9F1A-EC86AA3A88DC}.Release|x86.Build.0 = Release|Win32
	EndGlobalSection
	GlobalSection(SolutionProperties) = preSolution
		HideSolutionNode = FALSE
	EndGlobalSection
	GlobalSection(ExtensibilityGlobals) = postSolution
		SolutionGuid = {A7B2AEC2-4F29-4313-89ED-6DEA4E038728}
	EndGlobalSection
EndGlobal
